
Microsoft Visual Studio Solution File, Format Version 12.00
# Visual Studio Version 17
VisualStudioVersion = 17.0.31903.59
MinimumVisualStudioVersion = 10.0.40219.1
Project("{FAE04EC0-301F-11D3-BF4B-00C04F79EFBC}") = "QT1", "QT1\QT1.csproj", "{1EB8ADCF-9537-4C13-A681-1C0845563230}"
EndProject
Project("{FAE04EC0-301F-11D3-BF4B-00C04F79EFBC}") = "QT2", "QT2\QT2.csproj", "{62D3CC8B-B9E2-43E1-B490-3100332012DC}"
EndProject
Project("{FAE04EC0-301F-11D3-BF4B-00C04F79EFBC}") = "QT3", "QT3\QT3.csproj", "{7B69CF23-63C5-4B59-84AA-BF12F99D98B1}"
EndProject
Project("{FAE04EC0-301F-11D3-BF4B-00C04F79EFBC}") = "QT4", "QT4\QT4.csproj", "{4F23ED0E-C840-4EA0-AE96-6EFA17E30243}"
EndProject
Project("{FAE04EC0-301F-11D3-BF4B-00C04F79EFBC}") = "QT5", "QT5\QT5.csproj", "{9D55F9A3-7D95-42D7-9557-BD18E2CBAA79}"
EndProject
Project("{FAE04EC0-301F-11D3-BF4B-00C04F79EFBC}") = "QT6", "QT6\QT6.csproj", "{A5E49753-5F67-486E-B1CD-62A25EEA4216}"
EndProject
Project("{FAE04EC0-301F-11D3-BF4B-00C04F79EFBC}") = "QT7", "QT7\QT7.csproj", "{3386DF42-2A46-420F-84A5-AB4941805D97}"
EndProject
Project("{FAE04EC0-301F-11D3-BF4B-00C04F79EFBC}") = "QT8", "QT8\QT8.csproj", "{24D2B787-919D-4ADA-BE2C-797854E539FF}"
EndProject
Project("{FAE04EC0-301F-11D3-BF4B-00C04F79EFBC}") = "QT9", "QT9\QT9.csproj", "{A05220B3-C01B-4333-BEB0-AD2F623C7156}"
EndProject
Project("{FAE04EC0-301F-11D3-BF4B-00C04F79EFBC}") = "QT10", "QT10\QT10.csproj", "{7CA39266-CC55-4CD7-AEA5-1D200FDF188F}"
EndProject
Global
	GlobalSection(SolutionConfigurationPlatforms) = preSolution
		Debug|Any CPU = Debug|Any CPU
		Release|Any CPU = Release|Any CPU
	EndGlobalSection
	GlobalSection(SolutionProperties) = preSolution
		HideSolutionNode = FALSE
	EndGlobalSection
	GlobalSection(ProjectConfigurationPlatforms) = postSolution
		{1EB8ADCF-9537-4C13-A681-1C0845563230}.Debug|Any CPU.ActiveCfg = Debug|Any CPU
		{1EB8ADCF-9537-4C13-A681-1C0845563230}.Debug|Any CPU.Build.0 = Debug|Any CPU
		{1EB8ADCF-9537-4C13-A681-1C0845563230}.Release|Any CPU.ActiveCfg = Release|Any CPU
		{1EB8ADCF-9537-4C13-A681-1C0845563230}.Release|Any CPU.Build.0 = Release|Any CPU
		{62D3CC8B-B9E2-43E1-B490-3100332012DC}.Debug|Any CPU.ActiveCfg = Debug|Any CPU
		{62D3CC8B-B9E2-43E1-B490-3100332012DC}.Debug|Any CPU.Build.0 = Debug|Any CPU
		{62D3CC8B-B9E2-43E1-B490-3100332012DC}.Release|Any CPU.ActiveCfg = Release|Any CPU
		{62D3CC8B-B9E2-43E1-B490-3100332012DC}.Release|Any CPU.Build.0 = Release|Any CPU
		{7B69CF23-63C5-4B59-84AA-BF12F99D98B1}.Debug|Any CPU.ActiveCfg = Debug|Any CPU
		{7B69CF23-63C5-4B59-84AA-BF12F99D98B1}.Debug|Any CPU.Build.0 = Debug|Any CPU
		{7B69CF23-63C5-4B59-84AA-BF12F99D98B1}.Release|Any CPU.ActiveCfg = Release|Any CPU
		{7B69CF23-63C5-4B59-84AA-BF12F99D98B1}.Release|Any CPU.Build.0 = Release|Any CPU
		{4F23ED0E-C840-4EA0-AE96-6EFA17E30243}.Debug|Any CPU.ActiveCfg = Debug|Any CPU
		{4F23ED0E-C840-4EA0-AE96-6EFA17E30243}.Debug|Any CPU.Build.0 = Debug|Any CPU
		{4F23ED0E-C840-4EA0-AE96-6EFA17E30243}.Release|Any CPU.ActiveCfg = Release|Any CPU
		{4F23ED0E-C840-4EA0-AE96-6EFA17E30243}.Release|Any CPU.Build.0 = Release|Any CPU
		{9D55F9A3-7D95-42D7-9557-BD18E2CBAA79}.Debug|Any CPU.ActiveCfg = Debug|Any CPU
		{9D55F9A3-7D95-42D7-9557-BD18E2CBAA79}.Debug|Any CPU.Build.0 = Debug|Any CPU
		{9D55F9A3-7D95-42D7-9557-BD18E2CBAA79}.Release|Any CPU.ActiveCfg = Release|Any CPU
		{9D55F9A3-7D95-42D7-9557-BD18E2CBAA79}.Release|Any CPU.Build.0 = Release|Any CPU
		{A5E49753-5F67-486E-B1CD-62A25EEA4216}.Debug|Any CPU.ActiveCfg = Debug|Any CPU
		{A5E49753-5F67-486E-B1CD-62A25EEA4216}.Debug|Any CPU.Build.0 = Debug|Any CPU
		{A5E49753-5F67-486E-B1CD-62A25EEA4216}.Release|Any CPU.ActiveCfg = Release|Any CPU
		{A5E49753-5F67-486E-B1CD-62A25EEA4216}.Release|Any CPU.Build.0 = Release|Any CPU
		{3386DF42-2A46-420F-84A5-AB4941805D97}.Debug|Any CPU.ActiveCfg = Debug|Any CPU
		{3386DF42-2A46-420F-84A5-AB4941805D97}.Debug|Any CPU.Build.0 = Debug|Any CPU
		{3386DF42-2A46-420F-84A5-AB4941805D97}.Release|Any CPU.ActiveCfg = Release|Any CPU
		{3386DF42-2A46-420F-84A5-AB4941805D97}.Release|Any CPU.Build.0 = Release|Any CPU
		{24D2B787-919D-4ADA-BE2C-797854E539FF}.Debug|Any CPU.ActiveCfg = Debug|Any CPU
		{24D2B787-919D-4ADA-BE2C-797854E539FF}.Debug|Any CPU.Build.0 = Debug|Any CPU
		{24D2B787-919D-4ADA-BE2C-797854E539FF}.Release|Any CPU.ActiveCfg = Release|Any CPU
		{24D2B787-919D-4ADA-BE2C-797854E539FF}.Release|Any CPU.Build.0 = Release|Any CPU
		{A05220B3-C01B-4333-BEB0-AD2F623C7156}.Debug|Any CPU.ActiveCfg = Debug|Any CPU
		{A05220B3-C01B-4333-BEB0-AD2F623C7156}.Debug|Any CPU.Build.0 = Debug|Any CPU
		{A05220B3-C01B-4333-BEB0-AD2F623C7156}.Release|Any CPU.ActiveCfg = Release|Any CPU
		{A05220B3-C01B-4333-BEB0-AD2F623C7156}.Release|Any CPU.Build.0 = Release|Any CPU
		{7CA39266-CC55-4CD7-AEA5-1D200FDF188F}.Debug|Any CPU.ActiveCfg = Debug|Any CPU
		{7CA39266-CC55-4CD7-AEA5-1D200FDF188F}.Debug|Any CPU.Build.0 = Debug|Any CPU
		{7CA39266-CC55-4CD7-AEA5-1D200FDF188F}.Release|Any CPU.ActiveCfg = Release|Any CPU
		{7CA39266-CC55-4CD7-AEA5-1D200FDF188F}.Release|Any CPU.Build.0 = Release|Any CPU
	EndGlobalSection
EndGlobal
